
Microsoft Visual Studio Solution File, Format Version 12.00
# Visual Studio 15
VisualStudioVersion = 15.0.28307.329
MinimumVisualStudioVersion = 10.0.40219.1
Project("{9A19103F-16F7-4668-BE54-9A1E7A4F7556}") = "AppDron", "AppDron\AppDron.csproj", "{7F05AE56-83FB-4E28-8764-8A1E0285C0D5}"
EndProject
Project("{9A19103F-16F7-4668-BE54-9A1E7A4F7556}") = "AppDron.Test", "AppDron.Test\AppDron.Test.csproj", "{1BB0D01D-4C78-421E-80A6-2FC5E16FFB9A}"
EndProject
Project("{2150E333-8FDC-42A3-9474-1A3956D46DE8}") = "Documents", "Documents", "{B1752473-3914-4020-B09D-34352D867B68}"
	ProjectSection(SolutionItems) = preProject
		Documents\1.png = Documents\1.png
		Documents\2.png = Documents\2.png
	EndProjectSection
EndProject
Global
	GlobalSection(SolutionConfigurationPlatforms) = preSolution
		Debug|Any CPU = Debug|Any CPU
		Release|Any CPU = Release|Any CPU
	EndGlobalSection
	GlobalSection(ProjectConfigurationPlatforms) = postSolution
		{7F05AE56-83FB-4E28-8764-8A1E0285C0D5}.Debug|Any CPU.ActiveCfg = Debug|Any CPU
		{7F05AE56-83FB-4E28-8764-8A1E0285C0D5}.Debug|Any CPU.Build.0 = Debug|Any CPU
		{7F05AE56-83FB-4E28-8764-8A1E0285C0D5}.Release|Any CPU.ActiveCfg = Release|Any CPU
		{7F05AE56-83FB-4E28-8764-8A1E0285C0D5}.Release|Any CPU.Build.0 = Release|Any CPU
		{1BB0D01D-4C78-421E-80A6-2FC5E16FFB9A}.Debug|Any CPU.ActiveCfg = Debug|Any CPU
		{1BB0D01D-4C78-421E-80A6-2FC5E16FFB9A}.Debug|Any CPU.Build.0 = Debug|Any CPU
		{1BB0D01D-4C78-421E-80A6-2FC5E16FFB9A}.Release|Any CPU.ActiveCfg = Release|Any CPU
		{1BB0D01D-4C78-421E-80A6-2FC5E16FFB9A}.Release|Any CPU.Build.0 = Release|Any CPU
	EndGlobalSection
	GlobalSection(SolutionProperties) = preSolution
		HideSolutionNode = FALSE
	EndGlobalSection
	GlobalSection(ExtensibilityGlobals) = postSolution
		SolutionGuid = {B3CBCFE5-F80D-447B-A6BD-05BC14E3AE1F}
	EndGlobalSection
EndGlobal
